
Microsoft Visual Studio Solution File, Format Version 11.00
# Visual Studio 2010
Project("{FAE04EC0-301F-11D3-BF4B-00C04F79EFBC}") = "NavMeshComponents", "NavMeshComponents.csproj", "{2901B7BC-BA45-5BAB-1234-8908A23C26D8}"
EndProject
Project("{FAE04EC0-301F-11D3-BF4B-00C04F79EFBC}") = "Assembly-CSharp", "Assembly-CSharp.csproj", "{C2091AD8-3776-BC7A-F4D4-D83353F43729}"
EndProject
Project("{FAE04EC0-301F-11D3-BF4B-00C04F79EFBC}") = "NavMeshComponentsEditor", "NavMeshComponentsEditor.csproj", "{98295D7E-24FF-10DA-683D-E94376BB818B}"
EndProject
Global
	GlobalSection(SolutionConfigurationPlatforms) = preSolution
		Debug|Any CPU = Debug|Any CPU
		Release|Any CPU = Release|Any CPU
	EndGlobalSection
	GlobalSection(ProjectConfigurationPlatforms) = postSolution
		{2901B7BC-BA45-5BAB-1234-8908A23C26D8}.Debug|Any CPU.ActiveCfg = Debug|Any CPU
		{2901B7BC-BA45-5BAB-1234-8908A23C26D8}.Debug|Any CPU.Build.0 = Debug|Any CPU
		{2901B7BC-BA45-5BAB-1234-8908A23C26D8}.Release|Any CPU.ActiveCfg = Release|Any CPU
		{2901B7BC-BA45-5BAB-1234-8908A23C26D8}.Release|Any CPU.Build.0 = Release|Any CPU
		{C2091AD8-3776-BC7A-F4D4-D83353F43729}.Debug|Any CPU.ActiveCfg = Debug|Any CPU
		{C2091AD8-3776-BC7A-F4D4-D83353F43729}.Debug|Any CPU.Build.0 = Debug|Any CPU
		{C2091AD8-3776-BC7A-F4D4-D83353F43729}.Release|Any CPU.ActiveCfg = Release|Any CPU
		{C2091AD8-3776-BC7A-F4D4-D83353F43729}.Release|Any CPU.Build.0 = Release|Any CPU
		{98295D7E-24FF-10DA-683D-E94376BB818B}.Debug|Any CPU.ActiveCfg = Debug|Any CPU
		{98295D7E-24FF-10DA-683D-E94376BB818B}.Debug|Any CPU.Build.0 = Debug|Any CPU
		{98295D7E-24FF-10DA-683D-E94376BB818B}.Release|Any CPU.ActiveCfg = Release|Any CPU
		{98295D7E-24FF-10DA-683D-E94376BB818B}.Release|Any CPU.Build.0 = Release|Any CPU
	EndGlobalSection
	GlobalSection(SolutionProperties) = preSolution
		HideSolutionNode = FALSE
	EndGlobalSection
EndGlobal
